// !$*UTF8*$!
{
	archiveVersion = 1;
	classes = {
	};
	objectVersion = 56;
	objects = {

/* Begin PBXBuildFile section */
		12D1AEAE292B73F100508858 /* MultiMediaApp.swift in Sources */ = {isa = PBXBuildFile; fileRef = 12D1AEAD292B73F100508858 /* MultiMediaApp.swift */; };
		12D1AEB0292B73F100508858 /* ContentView.swift in Sources */ = {isa = PBXBuildFile; fileRef = 12D1AEAF292B73F100508858 /* ContentView.swift */; };
		12D1AEB2292B73F200508858 /* Assets.xcassets in Resources */ = {isa = PBXBuildFile; fileRef = 12D1AEB1292B73F200508858 /* Assets.xcassets */; };
		12D1AEB5292B73F200508858 /* Preview Assets.xcassets in Resources */ = {isa = PBXBuildFile; fileRef = 12D1AEB4292B73F200508858 /* Preview Assets.xcassets */; };
		12D1AEBC292B746C00508858 /* ListViewModel.swift in Sources */ = {isa = PBXBuildFile; fileRef = 12D1AEBB292B746C00508858 /* ListViewModel.swift */; };
		12D1AEBE292B76D900508858 /* DocumentModel.swift in Sources */ = {isa = PBXBuildFile; fileRef = 12D1AEBD292B76D900508858 /* DocumentModel.swift */; };
		12D1AEC0292B79A500508858 /* DetailView.swift in Sources */ = {isa = PBXBuildFile; fileRef = 12D1AEBF292B79A500508858 /* DetailView.swift */; };
		12D1AEC2292CB31700508858 /* PdfViewModel.swift in Sources */ = {isa = PBXBuildFile; fileRef = 12D1AEC1292CB31700508858 /* PdfViewModel.swift */; };
		12D1AEC4292CC6FF00508858 /* PdfView.swift in Sources */ = {isa = PBXBuildFile; fileRef = 12D1AEC3292CC6FF00508858 /* PdfView.swift */; };
		12D1AEC6292CCD3500508858 /* DocumentViewModel.swift in Sources */ = {isa = PBXBuildFile; fileRef = 12D1AEC5292CCD3500508858 /* DocumentViewModel.swift */; };
		12D1AEC8292DEE8600508858 /* ImageViewModel.swift in Sources */ = {isa = PBXBuildFile; fileRef = 12D1AEC7292DEE8600508858 /* ImageViewModel.swift */; };
		12D1AECA292DEF8A00508858 /* ImageView.swift in Sources */ = {isa = PBXBuildFile; fileRef = 12D1AEC9292DEF8A00508858 /* ImageView.swift */; };
		12D1AECC292DFAA700508858 /* VideoViewModel.swift in Sources */ = {isa = PBXBuildFile; fileRef = 12D1AECB292DFAA700508858 /* VideoViewModel.swift */; };
		12D1AECE292E108800508858 /* VideoView.swift in Sources */ = {isa = PBXBuildFile; fileRef = 12D1AECD292E108800508858 /* VideoView.swift */; };
/* End PBXBuildFile section */

/* Begin PBXFileReference section */
		12D1AEAA292B73F100508858 /* MultiMedia.app */ = {isa = PBXFileReference; explicitFileType = wrapper.application; includeInIndex = 0; path = MultiMedia.app; sourceTree = BUILT_PRODUCTS_DIR; };
		12D1AEAD292B73F100508858 /* MultiMediaApp.swift */ = {isa = PBXFileReference; lastKnownFileType = sourcecode.swift; path = MultiMediaApp.swift; sourceTree = "<group>"; };
		12D1AEAF292B73F100508858 /* ContentView.swift */ = {isa = PBXFileReference; lastKnownFileType = sourcecode.swift; path = ContentView.swift; sourceTree = "<group>"; };
		12D1AEB1292B73F200508858 /* Assets.xcassets */ = {isa = PBXFileReference; lastKnownFileType = folder.assetcatalog; path = Assets.xcassets; sourceTree = "<group>"; };
		12D1AEB4292B73F200508858 /* Preview Assets.xcassets */ = {isa = PBXFileReference; lastKnownFileType = folder.assetcatalog; path = "Preview Assets.xcassets"; sourceTree = "<group>"; };
		12D1AEBB292B746C00508858 /* ListViewModel.swift */ = {isa = PBXFileReference; lastKnownFileType = sourcecode.swift; path = ListViewModel.swift; sourceTree = "<group>"; };
		12D1AEBD292B76D900508858 /* DocumentModel.swift */ = {isa = PBXFileReference; lastKnownFileType = sourcecode.swift; path = DocumentModel.swift; sourceTree = "<group>"; };
		12D1AEBF292B79A500508858 /* DetailView.swift */ = {isa = PBXFileReference; lastKnownFileType = sourcecode.swift; path = DetailView.swift; sourceTree = "<group>"; };
		12D1AEC1292CB31700508858 /* PdfViewModel.swift */ = {isa = PBXFileReference; lastKnownFileType = sourcecode.swift; path = PdfViewModel.swift; sourceTree = "<group>"; };
		12D1AEC3292CC6FF00508858 /* PdfView.swift */ = {isa = PBXFileReference; lastKnownFileType = sourcecode.swift; path = PdfView.swift; sourceTree = "<group>"; };
		12D1AEC5292CCD3500508858 /* DocumentViewModel.swift */ = {isa = PBXFileReference; lastKnownFileType = sourcecode.swift; path = DocumentViewModel.swift; sourceTree = "<group>"; };
		12D1AEC7292DEE8600508858 /* ImageViewModel.swift */ = {isa = PBXFileReference; lastKnownFileType = sourcecode.swift; path = ImageViewModel.swift; sourceTree = "<group>"; };
		12D1AEC9292DEF8A00508858 /* ImageView.swift */ = {isa = PBXFileReference; lastKnownFileType = sourcecode.swift; path = ImageView.swift; sourceTree = "<group>"; };
		12D1AECB292DFAA700508858 /* VideoViewModel.swift */ = {isa = PBXFileReference; lastKnownFileType = sourcecode.swift; path = VideoViewModel.swift; sourceTree = "<group>"; };
		12D1AECD292E108800508858 /* VideoView.swift */ = {isa = PBXFileReference; lastKnownFileType = sourcecode.swift; path = VideoView.swift; sourceTree = "<group>"; };
/* End PBXFileReference section */

/* Begin PBXFrameworksBuildPhase section */
		12D1AEA7292B73F100508858 /* Frameworks */ = {
			isa = PBXFrameworksBuildPhase;
			buildActionMask = 2147483647;
			files = (
			);
			runOnlyForDeploymentPostprocessing = 0;
		};
/* End PBXFrameworksBuildPhase section */

/* Begin PBXGroup section */
		12D1AEA1292B73F100508858 = {
			isa = PBXGroup;
			children = (
				12D1AEAC292B73F100508858 /* MultiMedia */,
				12D1AEAB292B73F100508858 /* Products */,
			);
			sourceTree = "<group>";
		};
		12D1AEAB292B73F100508858 /* Products */ = {
			isa = PBXGroup;
			children = (
				12D1AEAA292B73F100508858 /* MultiMedia.app */,
			);
			name = Products;
			sourceTree = "<group>";
		};
		12D1AEAC292B73F100508858 /* MultiMedia */ = {
			isa = PBXGroup;
			children = (
				12D1AEAD292B73F100508858 /* MultiMediaApp.swift */,
				12D1AEAF292B73F100508858 /* ContentView.swift */,
				12D1AEB1292B73F200508858 /* Assets.xcassets */,
				12D1AEB3292B73F200508858 /* Preview Content */,
				12D1AEBB292B746C00508858 /* ListViewModel.swift */,
				12D1AEBD292B76D900508858 /* DocumentModel.swift */,
				12D1AEBF292B79A500508858 /* DetailView.swift */,
				12D1AECB292DFAA700508858 /* VideoViewModel.swift */,
				12D1AECD292E108800508858 /* VideoView.swift */,
				12D1AEC1292CB31700508858 /* PdfViewModel.swift */,
				12D1AEC5292CCD3500508858 /* DocumentViewModel.swift */,
				12D1AEC3292CC6FF00508858 /* PdfView.swift */,
				12D1AEC7292DEE8600508858 /* ImageViewModel.swift */,
				12D1AEC9292DEF8A00508858 /* ImageView.swift */,
			);
			path = MultiMedia;
			sourceTree = "<group>";
		};
		12D1AEB3292B73F200508858 /* Preview Content */ = {
			isa = PBXGroup;
			children = (
				12D1AEB4292B73F200508858 /* Preview Assets.xcassets */,
			);
			path = "Preview Content";
			sourceTree = "<group>";
		};
/* End PBXGroup section */

/* Begin PBXNativeTarget section */
		12D1AEA9292B73F100508858 /* MultiMedia */ = {
			isa = PBXNativeTarget;
			buildConfigurationList = 12D1AEB8292B73F200508858 /* Build configuration list for PBXNativeTarget "MultiMedia" */;
			buildPhases = (
				12D1AEA6292B73F100508858 /* Sources */,
				12D1AEA7292B73F100508858 /* Frameworks */,
				12D1AEA8292B73F100508858 /* Resources */,
			);
			buildRules = (
			);
			dependencies = (
			);
			name = MultiMedia;
			productName = MultiMedia;
			productReference = 12D1AEAA292B73F100508858 /* MultiMedia.app */;
			productType = "com.apple.product-type.application";
		};
/* End PBXNativeTarget section */

/* Begin PBXProject section */
		12D1AEA2292B73F100508858 /* Project object */ = {
			isa = PBXProject;
			attributes = {
				BuildIndependentTargetsInParallel = 1;
				LastSwiftUpdateCheck = 1400;
				LastUpgradeCheck = 1400;
				TargetAttributes = {
					12D1AEA9292B73F100508858 = {
						CreatedOnToolsVersion = 14.0.1;
					};
				};
			};
			buildConfigurationList = 12D1AEA5292B73F100508858 /* Build configuration list for PBXProject "MultiMedia" */;
			compatibilityVersion = "Xcode 14.0";
			developmentRegion = en;
			hasScannedForEncodings = 0;
			knownRegions = (
				en,
				Base,
			);
			mainGroup = 12D1AEA1292B73F100508858;
			productRefGroup = 12D1AEAB292B73F100508858 /* Products */;
			projectDirPath = "";
			projectRoot = "";
			targets = (
				12D1AEA9292B73F100508858 /* MultiMedia */,
			);
		};
/* End PBXProject section */

/* Begin PBXResourcesBuildPhase section */
		12D1AEA8292B73F100508858 /* Resources */ = {
			isa = PBXResourcesBuildPhase;
			buildActionMask = 2147483647;
			files = (
				12D1AEB5292B73F200508858 /* Preview Assets.xcassets in Resources */,
				12D1AEB2292B73F200508858 /* Assets.xcassets in Resources */,
			);
			runOnlyForDeploymentPostprocessing = 0;
		};
/* End PBXResourcesBuildPhase section */

/* Begin PBXSourcesBuildPhase section */
		12D1AEA6292B73F100508858 /* Sources */ = {
			isa = PBXSourcesBuildPhase;
			buildActionMask = 2147483647;
			files = (
				12D1AECE292E108800508858 /* VideoView.swift in Sources */,
				12D1AECA292DEF8A00508858 /* ImageView.swift in Sources */,
				12D1AEB0292B73F100508858 /* ContentView.swift in Sources */,
				12D1AEAE292B73F100508858 /* MultiMediaApp.swift in Sources */,
				12D1AEBE292B76D900508858 /* DocumentModel.swift in Sources */,
				12D1AEC8292DEE8600508858 /* ImageViewModel.swift in Sources */,
				12D1AECC292DFAA700508858 /* VideoViewModel.swift in Sources */,
				12D1AEC2292CB31700508858 /* PdfViewModel.swift in Sources */,
				12D1AEC0292B79A500508858 /* DetailView.swift in Sources */,
				12D1AEC6292CCD3500508858 /* DocumentViewModel.swift in Sources */,
				12D1AEC4292CC6FF00508858 /* PdfView.swift in Sources */,
				12D1AEBC292B746C00508858 /* ListViewModel.swift in Sources */,
			);
			runOnlyForDeploymentPostprocessing = 0;
		};
/* End PBXSourcesBuildPhase section */

/* Begin XCBuildConfiguration section */
		12D1AEB6292B73F200508858 /* Debug */ = {
			isa = XCBuildConfiguration;
			buildSettings = {
				ALWAYS_SEARCH_USER_PATHS = NO;
				CLANG_ANALYZER_NONNULL = YES;
				CLANG_ANALYZER_NUMBER_OBJECT_CONVERSION = YES_AGGRESSIVE;
				CLANG_CXX_LANGUAGE_STANDARD = "gnu++20";
				CLANG_ENABLE_MODULES = YES;
				CLANG_ENABLE_OBJC_ARC = YES;
				CLANG_ENABLE_OBJC_WEAK = YES;
				CLANG_WARN_BLOCK_CAPTURE_AUTORELEASING = YES;
				CLANG_WARN_BOOL_CONVERSION = YES;
				CLANG_WARN_COMMA = YES;
				CLANG_WARN_CONSTANT_CONVERSION = YES;
				CLANG_WARN_DEPRECATED_OBJC_IMPLEMENTATIONS = YES;
				CLANG_WARN_DIRECT_OBJC_ISA_USAGE = YES_ERROR;
				CLANG_WARN_DOCUMENTATION_COMMENTS = YES;
				CLANG_WARN_EMPTY_BODY = YES;
				CLANG_WARN_ENUM_CONVERSION = YES;
				CLANG_WARN_INFINITE_RECURSION = YES;
				CLANG_WARN_INT_CONVERSION = YES;
				CLANG_WARN_NON_LITERAL_NULL_CONVERSION = YES;
				CLANG_WARN_OBJC_IMPLICIT_RETAIN_SELF = YES;
				CLANG_WARN_OBJC_LITERAL_CONVERSION = YES;
				CLANG_WARN_OBJC_ROOT_CLASS = YES_ERROR;
				CLANG_WARN_QUOTED_INCLUDE_IN_FRAMEWORK_HEADER = YES;
				CLANG_WARN_RANGE_LOOP_ANALYSIS = YES;
				CLANG_WARN_STRICT_PROTOTYPES = YES;
				CLANG_WARN_SUSPICIOUS_MOVE = YES;
				CLANG_WARN_UNGUARDED_AVAILABILITY = YES_AGGRESSIVE;
				CLANG_WARN_UNREACHABLE_CODE = YES;
				CLANG_WARN__DUPLICATE_METHOD_MATCH = YES;
				COPY_PHASE_STRIP = NO;
				DEBUG_INFORMATION_FORMAT = dwarf;
				ENABLE_STRICT_OBJC_MSGSEND = YES;
				ENABLE_TESTABILITY = YES;
				GCC_C_LANGUAGE_STANDARD = gnu11;
				GCC_DYNAMIC_NO_PIC = NO;
				GCC_NO_COMMON_BLOCKS = YES;
				GCC_OPTIMIZATION_LEVEL = 0;
				GCC_PREPROCESSOR_DEFINITIONS = (
					"DEBUG=1",
					"$(inherited)",
				);
				GCC_WARN_64_TO_32_BIT_CONVERSION = YES;
				GCC_WARN_ABOUT_RETURN_TYPE = YES_ERROR;
				GCC_WARN_UNDECLARED_SELECTOR = YES;
				GCC_WARN_UNINITIALIZED_AUTOS = YES_AGGRESSIVE;
				GCC_WARN_UNUSED_FUNCTION = YES;
				GCC_WARN_UNUSED_VARIABLE = YES;
				IPHONEOS_DEPLOYMENT_TARGET = 16.0;
				MTL_ENABLE_DEBUG_INFO = INCLUDE_SOURCE;
				MTL_FAST_MATH = YES;
				ONLY_ACTIVE_ARCH = YES;
				SDKROOT = iphoneos;
				SWIFT_ACTIVE_COMPILATION_CONDITIONS = DEBUG;
				SWIFT_OPTIMIZATION_LEVEL = "-Onone";
			};
			name = Debug;
		};
		12D1AEB7292B73F200508858 /* Release */ = {
			isa = XCBuildConfiguration;
			buildSettings = {
				ALWAYS_SEARCH_USER_PATHS = NO;
				CLANG_ANALYZER_NONNULL = YES;
				CLANG_ANALYZER_NUMBER_OBJECT_CONVERSION = YES_AGGRESSIVE;
				CLANG_CXX_LANGUAGE_STANDARD = "gnu++20";
				CLANG_ENABLE_MODULES = YES;
				CLANG_ENABLE_OBJC_ARC = YES;
				CLANG_ENABLE_OBJC_WEAK = YES;
				CLANG_WARN_BLOCK_CAPTURE_AUTORELEASING = YES;
				CLANG_WARN_BOOL_CONVERSION = YES;
				CLANG_WARN_COMMA = YES;
				CLANG_WARN_CONSTANT_CONVERSION = YES;
				CLANG_WARN_DEPRECATED_OBJC_IMPLEMENTATIONS = YES;
				CLANG_WARN_DIRECT_OBJC_ISA_USAGE = YES_ERROR;
				CLANG_WARN_DOCUMENTATION_COMMENTS = YES;
				CLANG_WARN_EMPTY_BODY = YES;
				CLANG_WARN_ENUM_CONVERSION = YES;
				CLANG_WARN_INFINITE_RECURSION = YES;
				CLANG_WARN_INT_CONVERSION = YES;
				CLANG_WARN_NON_LITERAL_NULL_CONVERSION = YES;
				CLANG_WARN_OBJC_IMPLICIT_RETAIN_SELF = YES;
				CLANG_WARN_OBJC_LITERAL_CONVERSION = YES;
				CLANG_WARN_OBJC_ROOT_CLASS = YES_ERROR;
				CLANG_WARN_QUOTED_INCLUDE_IN_FRAMEWORK_HEADER = YES;
				CLANG_WARN_RANGE_LOOP_ANALYSIS = YES;
				CLANG_WARN_STRICT_PROTOTYPES = YES;
				CLANG_WARN_SUSPICIOUS_MOVE = YES;
				CLANG_WARN_UNGUARDED_AVAILABILITY = YES_AGGRESSIVE;
				CLANG_WARN_UNREACHABLE_CODE = YES;
				CLANG_WARN__DUPLICATE_METHOD_MATCH = YES;
				COPY_PHASE_STRIP = NO;
				DEBUG_INFORMATION_FORMAT = "dwarf-with-dsym";
				ENABLE_NS_ASSERTIONS = NO;
				ENABLE_STRICT_OBJC_MSGSEND = YES;
				GCC_C_LANGUAGE_STANDARD = gnu11;
				GCC_NO_COMMON_BLOCKS = YES;
				GCC_WARN_64_TO_32_BIT_CONVERSION = YES;
				GCC_WARN_ABOUT_RETURN_TYPE = YES_ERROR;
				GCC_WARN_UNDECLARED_SELECTOR = YES;
				GCC_WARN_UNINITIALIZED_AUTOS = YES_AGGRESSIVE;
				GCC_WARN_UNUSED_FUNCTION = YES;
				GCC_WARN_UNUSED_VARIABLE = YES;
				IPHONEOS_DEPLOYMENT_TARGET = 16.0;
				MTL_ENABLE_DEBUG_INFO = NO;
				MTL_FAST_MATH = YES;
				SDKROOT = iphoneos;
				SWIFT_COMPILATION_MODE = wholemodule;
				SWIFT_OPTIMIZATION_LEVEL = "-O";
				VALIDATE_PRODUCT = YES;
			};
			name = Release;
		};
		12D1AEB9292B73F200508858 /* Debug */ = {
			isa = XCBuildConfiguration;
			buildSettings = {
				ASSETCATALOG_COMPILER_APPICON_NAME = AppIcon;
				ASSETCATALOG_COMPILER_GLOBAL_ACCENT_COLOR_NAME = AccentColor;
				CODE_SIGN_STYLE = Automatic;
				CURRENT_PROJECT_VERSION = 1;
				DEVELOPMENT_ASSET_PATHS = "\"MultiMedia/Preview Content\"";
				DEVELOPMENT_TEAM = 3X55F5A74Z;
				ENABLE_PREVIEWS = YES;
				GENERATE_INFOPLIST_FILE = YES;
				INFOPLIST_KEY_UIApplicationSceneManifest_Generation = YES;
				INFOPLIST_KEY_UIApplicationSupportsIndirectInputEvents = YES;
				INFOPLIST_KEY_UILaunchScreen_Generation = YES;
				INFOPLIST_KEY_UISupportedInterfaceOrientations_iPad = "UIInterfaceOrientationPortrait UIInterfaceOrientationPortraitUpsideDown UIInterfaceOrientationLandscapeLeft UIInterfaceOrientationLandscapeRight";
				INFOPLIST_KEY_UISupportedInterfaceOrientations_iPhone = "UIInterfaceOrientationPortrait UIInterfaceOrientationLandscapeLeft UIInterfaceOrientationLandscapeRight";
				LD_RUNPATH_SEARCH_PATHS = (
					"$(inherited)",
					"@executable_path/Frameworks",
				);
				MARKETING_VERSION = 1.0;
				PRODUCT_BUNDLE_IDENTIFIER = com.shgbit.MultiMedia;
				PRODUCT_NAME = "$(TARGET_NAME)";
				SWIFT_EMIT_LOC_STRINGS = YES;
				SWIFT_VERSION = 5.0;
				TARGETED_DEVICE_FAMILY = "1,2";
			};
			name = Debug;
		};
		12D1AEBA292B73F200508858 /* Release */ = {
			isa = XCBuildConfiguration;
			buildSettings = {
				ASSETCATALOG_COMPILER_APPICON_NAME = AppIcon;
				ASSETCATALOG_COMPILER_GLOBAL_ACCENT_COLOR_NAME = AccentColor;
				CODE_SIGN_STYLE = Automatic;
				CURRENT_PROJECT_VERSION = 1;
				DEVELOPMENT_ASSET_PATHS = "\"MultiMedia/Preview Content\"";
				DEVELOPMENT_TEAM = 3X55F5A74Z;
				ENABLE_PREVIEWS = YES;
				GENERATE_INFOPLIST_FILE = YES;
				INFOPLIST_KEY_UIApplicationSceneManifest_Generation = YES;
				INFOPLIST_KEY_UIApplicationSupportsIndirectInputEvents = YES;
				INFOPLIST_KEY_UILaunchScreen_Generation = YES;
				INFOPLIST_KEY_UISupportedInterfaceOrientations_iPad = "UIInterfaceOrientationPortrait UIInterfaceOrientationPortraitUpsideDown UIInterfaceOrientationLandscapeLeft UIInterfaceOrientationLandscapeRight";
				INFOPLIST_KEY_UISupportedInterfaceOrientations_iPhone = "UIInterfaceOrientationPortrait UIInterfaceOrientationLandscapeLeft UIInterfaceOrientationLandscapeRight";
				LD_RUNPATH_SEARCH_PATHS = (
					"$(inherited)",
					"@executable_path/Frameworks",
				);
				MARKETING_VERSION = 1.0;
				PRODUCT_BUNDLE_IDENTIFIER = com.shgbit.MultiMedia;
				PRODUCT_NAME = "$(TARGET_NAME)";
				SWIFT_EMIT_LOC_STRINGS = YES;
				SWIFT_VERSION = 5.0;
				TARGETED_DEVICE_FAMILY = "1,2";
			};
			name = Release;
		};
/* End XCBuildConfiguration section */

/* Begin XCConfigurationList section */
		12D1AEA5292B73F100508858 /* Build configuration list for PBXProject "MultiMedia" */ = {
			isa = XCConfigurationList;
			buildConfigurations = (
				12D1AEB6292B73F200508858 /* Debug */,
				12D1AEB7292B73F200508858 /* Release */,
			);
			defaultConfigurationIsVisible = 0;
			defaultConfigurationName = Release;
		};
		12D1AEB8292B73F200508858 /* Build configuration list for PBXNativeTarget "MultiMedia" */ = {
			isa = XCConfigurationList;
			buildConfigurations = (
				12D1AEB9292B73F200508858 /* Debug */,
				12D1AEBA292B73F200508858 /* Release */,
			);
			defaultConfigurationIsVisible = 0;
			defaultConfigurationName = Release;
		};
/* End XCConfigurationList section */
	};
	rootObject = 12D1AEA2292B73F100508858 /* Project object */;
}
